
Microsoft Visual Studio Solution File, Format Version 12.00
# Visual Studio 15
VisualStudioVersion = 15.0.28010.2046
MinimumVisualStudioVersion = 10.0.40219.1
Project("{FAE04EC0-301F-11D3-BF4B-00C04F79EFBC}") = "HelloXamarinUITest.Android", "HelloXamarinUITest\HelloXamarinUITest.Android\HelloXamarinUITest.Android.csproj", "{C6808589-E867-4600-A9B0-61B23904889F}"
EndProject
Project("{FAE04EC0-301F-11D3-BF4B-00C04F79EFBC}") = "HelloXamarinUITest.iOS", "HelloXamarinUITest\HelloXamarinUITest.iOS\HelloXamarinUITest.iOS.csproj", "{AC5CE3FE-DDD7-4EB7-AD0F-022B6C614B89}"
EndProject
Project("{9A19103F-16F7-4668-BE54-9A1E7A4F7556}") = "HelloXamarinUITest", "HelloXamarinUITest\HelloXamarinUITest\HelloXamarinUITest.csproj", "{1B83A6F3-C735-4D7A-AECA-77F875E1AC33}"
EndProject
Project("{FAE04EC0-301F-11D3-BF4B-00C04F79EFBC}") = "HelloXamarinUITest.UITest", "HelloXamarinUITest\HelloXamarinUITest.UITest\HelloXamarinUITest.UITest.csproj", "{B19C892E-2628-4CA7-AD27-08D406A3B14B}"
EndProject
Global
	GlobalSection(SolutionConfigurationPlatforms) = preSolution
		Ad-Hoc|Any CPU = Ad-Hoc|Any CPU
		Ad-Hoc|iPhone = Ad-Hoc|iPhone
		Ad-Hoc|iPhoneSimulator = Ad-Hoc|iPhoneSimulator
		AppStore|Any CPU = AppStore|Any CPU
		AppStore|iPhone = AppStore|iPhone
		AppStore|iPhoneSimulator = AppStore|iPhoneSimulator
		Debug|Any CPU = Debug|Any CPU
		Debug|iPhone = Debug|iPhone
		Debug|iPhoneSimulator = Debug|iPhoneSimulator
		Release|Any CPU = Release|Any CPU
		Release|iPhone = Release|iPhone
		Release|iPhoneSimulator = Release|iPhoneSimulator
		UITests|Any CPU = UITests|Any CPU
		UITests|iPhone = UITests|iPhone
		UITests|iPhoneSimulator = UITests|iPhoneSimulator
	EndGlobalSection
	GlobalSection(ProjectConfigurationPlatforms) = postSolution
		{C6808589-E867-4600-A9B0-61B23904889F}.Ad-Hoc|Any CPU.ActiveCfg = Release|Any CPU
		{C6808589-E867-4600-A9B0-61B23904889F}.Ad-Hoc|Any CPU.Build.0 = Release|Any CPU
		{C6808589-E867-4600-A9B0-61B23904889F}.Ad-Hoc|Any CPU.Deploy.0 = Release|Any CPU
		{C6808589-E867-4600-A9B0-61B23904889F}.Ad-Hoc|iPhone.ActiveCfg = Release|Any CPU
		{C6808589-E867-4600-A9B0-61B23904889F}.Ad-Hoc|iPhone.Build.0 = Release|Any CPU
		{C6808589-E867-4600-A9B0-61B23904889F}.Ad-Hoc|iPhone.Deploy.0 = Release|Any CPU
		{C6808589-E867-4600-A9B0-61B23904889F}.Ad-Hoc|iPhoneSimulator.ActiveCfg = Release|Any CPU
		{C6808589-E867-4600-A9B0-61B23904889F}.Ad-Hoc|iPhoneSimulator.Build.0 = Release|Any CPU
		{C6808589-E867-4600-A9B0-61B23904889F}.Ad-Hoc|iPhoneSimulator.Deploy.0 = Release|Any CPU
		{C6808589-E867-4600-A9B0-61B23904889F}.AppStore|Any CPU.ActiveCfg = Release|Any CPU
		{C6808589-E867-4600-A9B0-61B23904889F}.AppStore|Any CPU.Build.0 = Release|Any CPU
		{C6808589-E867-4600-A9B0-61B23904889F}.AppStore|Any CPU.Deploy.0 = Release|Any CPU
		{C6808589-E867-4600-A9B0-61B23904889F}.AppStore|iPhone.ActiveCfg = Release|Any CPU
		{C6808589-E867-4600-A9B0-61B23904889F}.AppStore|iPhone.Build.0 = Release|Any CPU
		{C6808589-E867-4600-A9B0-61B23904889F}.AppStore|iPhone.Deploy.0 = Release|Any CPU
		{C6808589-E867-4600-A9B0-61B23904889F}.AppStore|iPhoneSimulator.ActiveCfg = Release|Any CPU
		{C6808589-E867-4600-A9B0-61B23904889F}.AppStore|iPhoneSimulator.Build.0 = Release|Any CPU
		{C6808589-E867-4600-A9B0-61B23904889F}.AppStore|iPhoneSimulator.Deploy.0 = Release|Any CPU
		{C6808589-E867-4600-A9B0-61B23904889F}.Debug|Any CPU.ActiveCfg = Debug|Any CPU
		{C6808589-E867-4600-A9B0-61B23904889F}.Debug|Any CPU.Build.0 = Debug|Any CPU
		{C6808589-E867-4600-A9B0-61B23904889F}.Debug|Any CPU.Deploy.0 = Debug|Any CPU
		{C6808589-E867-4600-A9B0-61B23904889F}.Debug|iPhone.ActiveCfg = Debug|Any CPU
		{C6808589-E867-4600-A9B0-61B23904889F}.Debug|iPhone.Build.0 = Debug|Any CPU
		{C6808589-E867-4600-A9B0-61B23904889F}.Debug|iPhone.Deploy.0 = Debug|Any CPU
		{C6808589-E867-4600-A9B0-61B23904889F}.Debug|iPhoneSimulator.ActiveCfg = Debug|Any CPU
		{C6808589-E867-4600-A9B0-61B23904889F}.Debug|iPhoneSimulator.Build.0 = Debug|Any CPU
		{C6808589-E867-4600-A9B0-61B23904889F}.Debug|iPhoneSimulator.Deploy.0 = Debug|Any CPU
		{C6808589-E867-4600-A9B0-61B23904889F}.Release|Any CPU.ActiveCfg = Release|Any CPU
		{C6808589-E867-4600-A9B0-61B23904889F}.Release|Any CPU.Build.0 = Release|Any CPU
		{C6808589-E867-4600-A9B0-61B23904889F}.Release|Any CPU.Deploy.0 = Release|Any CPU
		{C6808589-E867-4600-A9B0-61B23904889F}.Release|iPhone.ActiveCfg = Release|Any CPU
		{C6808589-E867-4600-A9B0-61B23904889F}.Release|iPhone.Build.0 = Release|Any CPU
		{C6808589-E867-4600-A9B0-61B23904889F}.Release|iPhone.Deploy.0 = Release|Any CPU
		{C6808589-E867-4600-A9B0-61B23904889F}.Release|iPhoneSimulator.ActiveCfg = Release|Any CPU
		{C6808589-E867-4600-A9B0-61B23904889F}.Release|iPhoneSimulator.Build.0 = Release|Any CPU
		{C6808589-E867-4600-A9B0-61B23904889F}.Release|iPhoneSimulator.Deploy.0 = Release|Any CPU
		{C6808589-E867-4600-A9B0-61B23904889F}.UITests|Any CPU.ActiveCfg = UITests|Any CPU
		{C6808589-E867-4600-A9B0-61B23904889F}.UITests|Any CPU.Build.0 = UITests|Any CPU
		{C6808589-E867-4600-A9B0-61B23904889F}.UITests|Any CPU.Deploy.0 = UITests|Any CPU
		{C6808589-E867-4600-A9B0-61B23904889F}.UITests|iPhone.ActiveCfg = UITests|Any CPU
		{C6808589-E867-4600-A9B0-61B23904889F}.UITests|iPhone.Build.0 = UITests|Any CPU
		{C6808589-E867-4600-A9B0-61B23904889F}.UITests|iPhone.Deploy.0 = UITests|Any CPU
		{C6808589-E867-4600-A9B0-61B23904889F}.UITests|iPhoneSimulator.ActiveCfg = UITests|Any CPU
		{C6808589-E867-4600-A9B0-61B23904889F}.UITests|iPhoneSimulator.Build.0 = UITests|Any CPU
		{C6808589-E867-4600-A9B0-61B23904889F}.UITests|iPhoneSimulator.Deploy.0 = UITests|Any CPU
		{AC5CE3FE-DDD7-4EB7-AD0F-022B6C614B89}.Ad-Hoc|Any CPU.ActiveCfg = Ad-Hoc|iPhone
		{AC5CE3FE-DDD7-4EB7-AD0F-022B6C614B89}.Ad-Hoc|Any CPU.Build.0 = Ad-Hoc|iPhone
		{AC5CE3FE-DDD7-4EB7-AD0F-022B6C614B89}.Ad-Hoc|Any CPU.Deploy.0 = Ad-Hoc|iPhone
		{AC5CE3FE-DDD7-4EB7-AD0F-022B6C614B89}.Ad-Hoc|iPhone.ActiveCfg = Ad-Hoc|iPhone
		{AC5CE3FE-DDD7-4EB7-AD0F-022B6C614B89}.Ad-Hoc|iPhone.Build.0 = Ad-Hoc|iPhone
		{AC5CE3FE-DDD7-4EB7-AD0F-022B6C614B89}.Ad-Hoc|iPhone.Deploy.0 = Ad-Hoc|iPhone
		{AC5CE3FE-DDD7-4EB7-AD0F-022B6C614B89}.Ad-Hoc|iPhoneSimulator.ActiveCfg = Ad-Hoc|iPhoneSimulator
		{AC5CE3FE-DDD7-4EB7-AD0F-022B6C614B89}.Ad-Hoc|iPhoneSimulator.Build.0 = Ad-Hoc|iPhoneSimulator
		{AC5CE3FE-DDD7-4EB7-AD0F-022B6C614B89}.Ad-Hoc|iPhoneSimulator.Deploy.0 = Ad-Hoc|iPhoneSimulator
		{AC5CE3FE-DDD7-4EB7-AD0F-022B6C614B89}.AppStore|Any CPU.ActiveCfg = AppStore|iPhone
		{AC5CE3FE-DDD7-4EB7-AD0F-022B6C614B89}.AppStore|Any CPU.Build.0 = AppStore|iPhone
		{AC5CE3FE-DDD7-4EB7-AD0F-022B6C614B89}.AppStore|Any CPU.Deploy.0 = AppStore|iPhone
		{AC5CE3FE-DDD7-4EB7-AD0F-022B6C614B89}.AppStore|iPhone.ActiveCfg = AppStore|iPhone
		{AC5CE3FE-DDD7-4EB7-AD0F-022B6C614B89}.AppStore|iPhone.Build.0 = AppStore|iPhone
		{AC5CE3FE-DDD7-4EB7-AD0F-022B6C614B89}.AppStore|iPhone.Deploy.0 = AppStore|iPhone
		{AC5CE3FE-DDD7-4EB7-AD0F-022B6C614B89}.AppStore|iPhoneSimulator.ActiveCfg = AppStore|iPhoneSimulator
		{AC5CE3FE-DDD7-4EB7-AD0F-022B6C614B89}.AppStore|iPhoneSimulator.Build.0 = AppStore|iPhoneSimulator
		{AC5CE3FE-DDD7-4EB7-AD0F-022B6C614B89}.AppStore|iPhoneSimulator.Deploy.0 = AppStore|iPhoneSimulator
		{AC5CE3FE-DDD7-4EB7-AD0F-022B6C614B89}.Debug|Any CPU.ActiveCfg = Debug|iPhoneSimulator
		{AC5CE3FE-DDD7-4EB7-AD0F-022B6C614B89}.Debug|Any CPU.Build.0 = Debug|iPhoneSimulator
		{AC5CE3FE-DDD7-4EB7-AD0F-022B6C614B89}.Debug|Any CPU.Deploy.0 = Debug|iPhoneSimulator
		{AC5CE3FE-DDD7-4EB7-AD0F-022B6C614B89}.Debug|iPhone.ActiveCfg = Debug|iPhone
		{AC5CE3FE-DDD7-4EB7-AD0F-022B6C614B89}.Debug|iPhone.Build.0 = Debug|iPhone
		{AC5CE3FE-DDD7-4EB7-AD0F-022B6C614B89}.Debug|iPhone.Deploy.0 = Debug|iPhone
		{AC5CE3FE-DDD7-4EB7-AD0F-022B6C614B89}.Debug|iPhoneSimulator.ActiveCfg = Debug|iPhoneSimulator
		{AC5CE3FE-DDD7-4EB7-AD0F-022B6C614B89}.Debug|iPhoneSimulator.Build.0 = Debug|iPhoneSimulator
		{AC5CE3FE-DDD7-4EB7-AD0F-022B6C614B89}.Debug|iPhoneSimulator.Deploy.0 = Debug|iPhoneSimulator
		{AC5CE3FE-DDD7-4EB7-AD0F-022B6C614B89}.Release|Any CPU.ActiveCfg = Release|iPhone
		{AC5CE3FE-DDD7-4EB7-AD0F-022B6C614B89}.Release|Any CPU.Build.0 = Release|iPhone
		{AC5CE3FE-DDD7-4EB7-AD0F-022B6C614B89}.Release|Any CPU.Deploy.0 = Release|iPhone
		{AC5CE3FE-DDD7-4EB7-AD0F-022B6C614B89}.Release|iPhone.ActiveCfg = Release|iPhone
		{AC5CE3FE-DDD7-4EB7-AD0F-022B6C614B89}.Release|iPhone.Build.0 = Release|iPhone
		{AC5CE3FE-DDD7-4EB7-AD0F-022B6C614B89}.Release|iPhone.Deploy.0 = Release|iPhone
		{AC5CE3FE-DDD7-4EB7-AD0F-022B6C614B89}.Release|iPhoneSimulator.ActiveCfg = Release|iPhoneSimulator
		{AC5CE3FE-DDD7-4EB7-AD0F-022B6C614B89}.Release|iPhoneSimulator.Build.0 = Release|iPhoneSimulator
		{AC5CE3FE-DDD7-4EB7-AD0F-022B6C614B89}.Release|iPhoneSimulator.Deploy.0 = Release|iPhoneSimulator
		{AC5CE3FE-DDD7-4EB7-AD0F-022B6C614B89}.UITests|Any CPU.ActiveCfg = UITests|iPhone
		{AC5CE3FE-DDD7-4EB7-AD0F-022B6C614B89}.UITests|Any CPU.Build.0 = UITests|iPhone
		{AC5CE3FE-DDD7-4EB7-AD0F-022B6C614B89}.UITests|iPhone.ActiveCfg = UITests|iPhone
		{AC5CE3FE-DDD7-4EB7-AD0F-022B6C614B89}.UITests|iPhone.Build.0 = UITests|iPhone
		{AC5CE3FE-DDD7-4EB7-AD0F-022B6C614B89}.UITests|iPhoneSimulator.ActiveCfg = UITests|iPhoneSimulator
		{AC5CE3FE-DDD7-4EB7-AD0F-022B6C614B89}.UITests|iPhoneSimulator.Build.0 = UITests|iPhoneSimulator
		{1B83A6F3-C735-4D7A-AECA-77F875E1AC33}.Ad-Hoc|Any CPU.ActiveCfg = Debug|Any CPU
		{1B83A6F3-C735-4D7A-AECA-77F875E1AC33}.Ad-Hoc|Any CPU.Build.0 = Debug|Any CPU
		{1B83A6F3-C735-4D7A-AECA-77F875E1AC33}.Ad-Hoc|Any CPU.Deploy.0 = Debug|Any CPU
		{1B83A6F3-C735-4D7A-AECA-77F875E1AC33}.Ad-Hoc|iPhone.ActiveCfg = Debug|Any CPU
		{1B83A6F3-C735-4D7A-AECA-77F875E1AC33}.Ad-Hoc|iPhone.Build.0 = Debug|Any CPU
		{1B83A6F3-C735-4D7A-AECA-77F875E1AC33}.Ad-Hoc|iPhone.Deploy.0 = Debug|Any CPU
		{1B83A6F3-C735-4D7A-AECA-77F875E1AC33}.Ad-Hoc|iPhoneSimulator.ActiveCfg = Debug|Any CPU
		{1B83A6F3-C735-4D7A-AECA-77F875E1AC33}.Ad-Hoc|iPhoneSimulator.Build.0 = Debug|Any CPU
		{1B83A6F3-C735-4D7A-AECA-77F875E1AC33}.Ad-Hoc|iPhoneSimulator.Deploy.0 = Debug|Any CPU
		{1B83A6F3-C735-4D7A-AECA-77F875E1AC33}.AppStore|Any CPU.ActiveCfg = Debug|Any CPU
		{1B83A6F3-C735-4D7A-AECA-77F875E1AC33}.AppStore|Any CPU.Build.0 = Debug|Any CPU
		{1B83A6F3-C735-4D7A-AECA-77F875E1AC33}.AppStore|Any CPU.Deploy.0 = Debug|Any CPU
		{1B83A6F3-C735-4D7A-AECA-77F875E1AC33}.AppStore|iPhone.ActiveCfg = Debug|Any CPU
		{1B83A6F3-C735-4D7A-AECA-77F875E1AC33}.AppStore|iPhone.Build.0 = Debug|Any CPU
		{1B83A6F3-C735-4D7A-AECA-77F875E1AC33}.AppStore|iPhone.Deploy.0 = Debug|Any CPU
		{1B83A6F3-C735-4D7A-AECA-77F875E1AC33}.AppStore|iPhoneSimulator.ActiveCfg = Debug|Any CPU
		{1B83A6F3-C735-4D7A-AECA-77F875E1AC33}.AppStore|iPhoneSimulator.Build.0 = Debug|Any CPU
		{1B83A6F3-C735-4D7A-AECA-77F875E1AC33}.AppStore|iPhoneSimulator.Deploy.0 = Debug|Any CPU
		{1B83A6F3-C735-4D7A-AECA-77F875E1AC33}.Debug|Any CPU.ActiveCfg = Debug|Any CPU
		{1B83A6F3-C735-4D7A-AECA-77F875E1AC33}.Debug|Any CPU.Build.0 = Debug|Any CPU
		{1B83A6F3-C735-4D7A-AECA-77F875E1AC33}.Debug|Any CPU.Deploy.0 = Debug|Any CPU
		{1B83A6F3-C735-4D7A-AECA-77F875E1AC33}.Debug|iPhone.ActiveCfg = Debug|Any CPU
		{1B83A6F3-C735-4D7A-AECA-77F875E1AC33}.Debug|iPhone.Build.0 = Debug|Any CPU
		{1B83A6F3-C735-4D7A-AECA-77F875E1AC33}.Debug|iPhone.Deploy.0 = Debug|Any CPU
		{1B83A6F3-C735-4D7A-AECA-77F875E1AC33}.Debug|iPhoneSimulator.ActiveCfg = Debug|Any CPU
		{1B83A6F3-C735-4D7A-AECA-77F875E1AC33}.Debug|iPhoneSimulator.Build.0 = Debug|Any CPU
		{1B83A6F3-C735-4D7A-AECA-77F875E1AC33}.Debug|iPhoneSimulator.Deploy.0 = Debug|Any CPU
		{1B83A6F3-C735-4D7A-AECA-77F875E1AC33}.Release|Any CPU.ActiveCfg = Release|Any CPU
		{1B83A6F3-C735-4D7A-AECA-77F875E1AC33}.Release|Any CPU.Build.0 = Release|Any CPU
		{1B83A6F3-C735-4D7A-AECA-77F875E1AC33}.Release|Any CPU.Deploy.0 = Release|Any CPU
		{1B83A6F3-C735-4D7A-AECA-77F875E1AC33}.Release|iPhone.ActiveCfg = Release|Any CPU
		{1B83A6F3-C735-4D7A-AECA-77F875E1AC33}.Release|iPhone.Build.0 = Release|Any CPU
		{1B83A6F3-C735-4D7A-AECA-77F875E1AC33}.Release|iPhone.Deploy.0 = Release|Any CPU
		{1B83A6F3-C735-4D7A-AECA-77F875E1AC33}.Release|iPhoneSimulator.ActiveCfg = Release|Any CPU
		{1B83A6F3-C735-4D7A-AECA-77F875E1AC33}.Release|iPhoneSimulator.Build.0 = Release|Any CPU
		{1B83A6F3-C735-4D7A-AECA-77F875E1AC33}.Release|iPhoneSimulator.Deploy.0 = Release|Any CPU
		{1B83A6F3-C735-4D7A-AECA-77F875E1AC33}.UITests|Any CPU.ActiveCfg = UITests|Any CPU
		{1B83A6F3-C735-4D7A-AECA-77F875E1AC33}.UITests|Any CPU.Build.0 = UITests|Any CPU
		{1B83A6F3-C735-4D7A-AECA-77F875E1AC33}.UITests|iPhone.ActiveCfg = UITests|Any CPU
		{1B83A6F3-C735-4D7A-AECA-77F875E1AC33}.UITests|iPhone.Build.0 = UITests|Any CPU
		{1B83A6F3-C735-4D7A-AECA-77F875E1AC33}.UITests|iPhoneSimulator.ActiveCfg = UITests|Any CPU
		{1B83A6F3-C735-4D7A-AECA-77F875E1AC33}.UITests|iPhoneSimulator.Build.0 = UITests|Any CPU
		{B19C892E-2628-4CA7-AD27-08D406A3B14B}.Ad-Hoc|Any CPU.ActiveCfg = UITests|Any CPU
		{B19C892E-2628-4CA7-AD27-08D406A3B14B}.Ad-Hoc|Any CPU.Build.0 = UITests|Any CPU
		{B19C892E-2628-4CA7-AD27-08D406A3B14B}.Ad-Hoc|iPhone.ActiveCfg = UITests|Any CPU
		{B19C892E-2628-4CA7-AD27-08D406A3B14B}.Ad-Hoc|iPhone.Build.0 = UITests|Any CPU
		{B19C892E-2628-4CA7-AD27-08D406A3B14B}.Ad-Hoc|iPhoneSimulator.ActiveCfg = UITests|Any CPU
		{B19C892E-2628-4CA7-AD27-08D406A3B14B}.Ad-Hoc|iPhoneSimulator.Build.0 = UITests|Any CPU
		{B19C892E-2628-4CA7-AD27-08D406A3B14B}.AppStore|Any CPU.ActiveCfg = UITests|Any CPU
		{B19C892E-2628-4CA7-AD27-08D406A3B14B}.AppStore|Any CPU.Build.0 = UITests|Any CPU
		{B19C892E-2628-4CA7-AD27-08D406A3B14B}.AppStore|iPhone.ActiveCfg = UITests|Any CPU
		{B19C892E-2628-4CA7-AD27-08D406A3B14B}.AppStore|iPhone.Build.0 = UITests|Any CPU
		{B19C892E-2628-4CA7-AD27-08D406A3B14B}.AppStore|iPhoneSimulator.ActiveCfg = UITests|Any CPU
		{B19C892E-2628-4CA7-AD27-08D406A3B14B}.AppStore|iPhoneSimulator.Build.0 = UITests|Any CPU
		{B19C892E-2628-4CA7-AD27-08D406A3B14B}.Debug|Any CPU.ActiveCfg = Debug|Any CPU
		{B19C892E-2628-4CA7-AD27-08D406A3B14B}.Debug|Any CPU.Build.0 = Debug|Any CPU
		{B19C892E-2628-4CA7-AD27-08D406A3B14B}.Debug|iPhone.ActiveCfg = Debug|Any CPU
		{B19C892E-2628-4CA7-AD27-08D406A3B14B}.Debug|iPhone.Build.0 = Debug|Any CPU
		{B19C892E-2628-4CA7-AD27-08D406A3B14B}.Debug|iPhoneSimulator.ActiveCfg = Debug|Any CPU
		{B19C892E-2628-4CA7-AD27-08D406A3B14B}.Debug|iPhoneSimulator.Build.0 = Debug|Any CPU
		{B19C892E-2628-4CA7-AD27-08D406A3B14B}.Release|Any CPU.ActiveCfg = Release|Any CPU
		{B19C892E-2628-4CA7-AD27-08D406A3B14B}.Release|Any CPU.Build.0 = Release|Any CPU
		{B19C892E-2628-4CA7-AD27-08D406A3B14B}.Release|iPhone.ActiveCfg = Release|Any CPU
		{B19C892E-2628-4CA7-AD27-08D406A3B14B}.Release|iPhone.Build.0 = Release|Any CPU
		{B19C892E-2628-4CA7-AD27-08D406A3B14B}.Release|iPhoneSimulator.ActiveCfg = Release|Any CPU
		{B19C892E-2628-4CA7-AD27-08D406A3B14B}.Release|iPhoneSimulator.Build.0 = Release|Any CPU
		{B19C892E-2628-4CA7-AD27-08D406A3B14B}.UITests|Any CPU.ActiveCfg = UITests|Any CPU
		{B19C892E-2628-4CA7-AD27-08D406A3B14B}.UITests|Any CPU.Build.0 = UITests|Any CPU
		{B19C892E-2628-4CA7-AD27-08D406A3B14B}.UITests|iPhone.ActiveCfg = UITests|Any CPU
		{B19C892E-2628-4CA7-AD27-08D406A3B14B}.UITests|iPhone.Build.0 = UITests|Any CPU
		{B19C892E-2628-4CA7-AD27-08D406A3B14B}.UITests|iPhoneSimulator.ActiveCfg = UITests|Any CPU
		{B19C892E-2628-4CA7-AD27-08D406A3B14B}.UITests|iPhoneSimulator.Build.0 = UITests|Any CPU
	EndGlobalSection
	GlobalSection(SolutionProperties) = preSolution
		HideSolutionNode = FALSE
	EndGlobalSection
	GlobalSection(ExtensibilityGlobals) = postSolution
		SolutionGuid = {D896F480-7208-44E9-B39F-1F9464394A06}
	EndGlobalSection
EndGlobal
